
Microsoft Visual Studio Solution File, Format Version 12.00
Project("{FAE04EC0-301F-11D3-BF4B-00C04F79EFBC}") = "Optepafi", "Optepafi\Optepafi.csproj", "{9B762105-E559-4BCC-A357-8DD4606DE85A}"
EndProject
Project("{FAE04EC0-301F-11D3-BF4B-00C04F79EFBC}") = "OptepafiTests", "OptepafiTests\OptepafiTests.csproj", "{DDD64C2D-6106-41ED-866B-381278A2CE23}"
EndProject
Project("{FAE04EC0-301F-11D3-BF4B-00C04F79EFBC}") = "MapRepreViewer", "MapRepreViewer\MapRepreViewer.csproj", "{D4E6ABC7-886B-4B9B-B14E-8BB02B20A4F6}"
EndProject
Global
	GlobalSection(SolutionConfigurationPlatforms) = preSolution
		Debug|Any CPU = Debug|Any CPU
		Release|Any CPU = Release|Any CPU
	EndGlobalSection
	GlobalSection(ProjectConfigurationPlatforms) = postSolution
		{9B762105-E559-4BCC-A357-8DD4606DE85A}.Debug|Any CPU.ActiveCfg = Debug|Any CPU
		{9B762105-E559-4BCC-A357-8DD4606DE85A}.Debug|Any CPU.Build.0 = Debug|Any CPU
		{9B762105-E559-4BCC-A357-8DD4606DE85A}.Release|Any CPU.ActiveCfg = Release|Any CPU
		{9B762105-E559-4BCC-A357-8DD4606DE85A}.Release|Any CPU.Build.0 = Release|Any CPU
		{DDD64C2D-6106-41ED-866B-381278A2CE23}.Debug|Any CPU.ActiveCfg = Debug|Any CPU
		{DDD64C2D-6106-41ED-866B-381278A2CE23}.Debug|Any CPU.Build.0 = Debug|Any CPU
		{DDD64C2D-6106-41ED-866B-381278A2CE23}.Release|Any CPU.ActiveCfg = Release|Any CPU
		{DDD64C2D-6106-41ED-866B-381278A2CE23}.Release|Any CPU.Build.0 = Release|Any CPU
		{D4E6ABC7-886B-4B9B-B14E-8BB02B20A4F6}.Debug|Any CPU.ActiveCfg = Debug|Any CPU
		{D4E6ABC7-886B-4B9B-B14E-8BB02B20A4F6}.Debug|Any CPU.Build.0 = Debug|Any CPU
		{D4E6ABC7-886B-4B9B-B14E-8BB02B20A4F6}.Release|Any CPU.ActiveCfg = Release|Any CPU
		{D4E6ABC7-886B-4B9B-B14E-8BB02B20A4F6}.Release|Any CPU.Build.0 = Release|Any CPU
	EndGlobalSection
EndGlobal
