
Microsoft Visual Studio Solution File, Format Version 12.00
Project("{FAE04EC0-301F-11D3-BF4B-00C04F79EFBC}") = "ConsoleApp1", "ConsoleApp1\ConsoleApp1.csproj", "{B4C78EA3-C091-46E0-BDA5-3EA7680F0CEA}"
EndProject
Project("{FAE04EC0-301F-11D3-BF4B-00C04F79EFBC}") = "SRTMFirstApp", "SRTMFirstApp\SRTMFirstApp.csproj", "{08E46A17-FA19-4426-AC0D-3059300DA985}"
EndProject
Global
	GlobalSection(SolutionConfigurationPlatforms) = preSolution
		Debug|Any CPU = Debug|Any CPU
		Release|Any CPU = Release|Any CPU
	EndGlobalSection
	GlobalSection(ProjectConfigurationPlatforms) = postSolution
		{B4C78EA3-C091-46E0-BDA5-3EA7680F0CEA}.Debug|Any CPU.ActiveCfg = Debug|Any CPU
		{B4C78EA3-C091-46E0-BDA5-3EA7680F0CEA}.Debug|Any CPU.Build.0 = Debug|Any CPU
		{B4C78EA3-C091-46E0-BDA5-3EA7680F0CEA}.Release|Any CPU.ActiveCfg = Release|Any CPU
		{B4C78EA3-C091-46E0-BDA5-3EA7680F0CEA}.Release|Any CPU.Build.0 = Release|Any CPU
		{08E46A17-FA19-4426-AC0D-3059300DA985}.Debug|Any CPU.ActiveCfg = Debug|Any CPU
		{08E46A17-FA19-4426-AC0D-3059300DA985}.Debug|Any CPU.Build.0 = Debug|Any CPU
		{08E46A17-FA19-4426-AC0D-3059300DA985}.Release|Any CPU.ActiveCfg = Release|Any CPU
		{08E46A17-FA19-4426-AC0D-3059300DA985}.Release|Any CPU.Build.0 = Release|Any CPU
	EndGlobalSection
EndGlobal
